{
  "name": "MathForge",
  "lockfileVersion": 3,
  "requires": true,
  "packages": {
    "": {
      "devDependencies": {
        "@types/dom-speech-recognition": "^0.0.9"
      }
    },
    "node_modules/@types/dom-speech-recognition": {
      "version": "0.0.9",
      "resolved": "https://registry.npmjs.org/@types/dom-speech-recognition/-/dom-speech-recognition-0.0.9.tgz",
      "integrity": "sha512-uxta75eB62f/Jex9wYTAypKKpiEZ5nOvBRj3TI4yI7JSc65y9eF/Lh9SFjCE3xACj5O5ox2d8nTQFe7Y/nJzfw==",
      "dev": true,
      "license": "MIT"
    }
  }
}
